
Microsoft Visual Studio Solution File, Format Version 12.00
# Visual Studio Version 16
VisualStudioVersion = 16.0.28917.181
MinimumVisualStudioVersion = 10.0.40219.1
Project("{2150E333-8FDC-42A3-9474-1A3956D46DE8}") = "Api", "Api", "{821F91E0-B1C9-4A3A-A353-5326833C54C2}"
EndProject
Project("{2150E333-8FDC-42A3-9474-1A3956D46DE8}") = "Test", "Test", "{C0D8572E-E6DE-4942-9FEB-167ED875A50C}"
EndProject
Project("{2150E333-8FDC-42A3-9474-1A3956D46DE8}") = "Solution Items", "Solution Items", "{C127DA5E-9935-486B-8FB4-3C36CE46C05D}"
	ProjectSection(SolutionItems) = preProject
		global.json = global.json
	EndProjectSection
EndProject
Project("{9A19103F-16F7-4668-BE54-9A1E7A4F7556}") = "CustomerManagement.Api.Web", "CustomerManagement.Api.Web\CustomerManagement.Api.Web.csproj", "{0C13D9C4-00BB-4A46-8F09-B5EBDAE26796}"
EndProject
Project("{9A19103F-16F7-4668-BE54-9A1E7A4F7556}") = "CustomerManagement.Base", "CustomerManagement.Base\CustomerManagement.Base.csproj", "{C45CD853-659A-42FF-AB5F-476B043C2A70}"
EndProject
Project("{E53339B2-1760-4266-BCC7-CA923CBCF16C}") = "docker-compose", "docker-compose.dcproj", "{81962D8B-E606-4709-8238-B5A1A6467071}"
EndProject
Project("{2150E333-8FDC-42A3-9474-1A3956D46DE8}") = "Storage", "Storage", "{DEFF25D5-1DF1-45E7-94DB-3F05AFB22B65}"
EndProject
Project("{FAE04EC0-301F-11D3-BF4B-00C04F79EFBC}") = "CustomerManagement.DataService", "CustomerManagement.DataService\CustomerManagement.DataService.csproj", "{810BAF3A-53D5-43CA-B4CF-BD0723A58704}"
EndProject
Project("{FAE04EC0-301F-11D3-BF4B-00C04F79EFBC}") = "CustomerManagement.Storage.SqlServerAdapter", "CustomerManagement.Storage.SqlServerAdapter\CustomerManagement.Storage.SqlServerAdapter.csproj", "{98D5F705-DF24-4CCE-BD95-7149CE6FF1C4}"
EndProject
Global
	GlobalSection(SolutionConfigurationPlatforms) = preSolution
		Debug|Any CPU = Debug|Any CPU
		Release|Any CPU = Release|Any CPU
	EndGlobalSection
	GlobalSection(ProjectConfigurationPlatforms) = postSolution
		{0C13D9C4-00BB-4A46-8F09-B5EBDAE26796}.Debug|Any CPU.ActiveCfg = Debug|Any CPU
		{0C13D9C4-00BB-4A46-8F09-B5EBDAE26796}.Debug|Any CPU.Build.0 = Debug|Any CPU
		{0C13D9C4-00BB-4A46-8F09-B5EBDAE26796}.Release|Any CPU.ActiveCfg = Release|Any CPU
		{0C13D9C4-00BB-4A46-8F09-B5EBDAE26796}.Release|Any CPU.Build.0 = Release|Any CPU
		{C45CD853-659A-42FF-AB5F-476B043C2A70}.Debug|Any CPU.ActiveCfg = Debug|Any CPU
		{C45CD853-659A-42FF-AB5F-476B043C2A70}.Debug|Any CPU.Build.0 = Debug|Any CPU
		{C45CD853-659A-42FF-AB5F-476B043C2A70}.Release|Any CPU.ActiveCfg = Release|Any CPU
		{C45CD853-659A-42FF-AB5F-476B043C2A70}.Release|Any CPU.Build.0 = Release|Any CPU
		{81962D8B-E606-4709-8238-B5A1A6467071}.Debug|Any CPU.ActiveCfg = Debug|Any CPU
		{81962D8B-E606-4709-8238-B5A1A6467071}.Debug|Any CPU.Build.0 = Debug|Any CPU
		{81962D8B-E606-4709-8238-B5A1A6467071}.Release|Any CPU.ActiveCfg = Release|Any CPU
		{81962D8B-E606-4709-8238-B5A1A6467071}.Release|Any CPU.Build.0 = Release|Any CPU
		{810BAF3A-53D5-43CA-B4CF-BD0723A58704}.Debug|Any CPU.ActiveCfg = Debug|Any CPU
		{810BAF3A-53D5-43CA-B4CF-BD0723A58704}.Debug|Any CPU.Build.0 = Debug|Any CPU
		{810BAF3A-53D5-43CA-B4CF-BD0723A58704}.Release|Any CPU.ActiveCfg = Release|Any CPU
		{810BAF3A-53D5-43CA-B4CF-BD0723A58704}.Release|Any CPU.Build.0 = Release|Any CPU
		{98D5F705-DF24-4CCE-BD95-7149CE6FF1C4}.Debug|Any CPU.ActiveCfg = Debug|Any CPU
		{98D5F705-DF24-4CCE-BD95-7149CE6FF1C4}.Debug|Any CPU.Build.0 = Debug|Any CPU
		{98D5F705-DF24-4CCE-BD95-7149CE6FF1C4}.Release|Any CPU.ActiveCfg = Release|Any CPU
		{98D5F705-DF24-4CCE-BD95-7149CE6FF1C4}.Release|Any CPU.Build.0 = Release|Any CPU
	EndGlobalSection
	GlobalSection(SolutionProperties) = preSolution
		HideSolutionNode = FALSE
	EndGlobalSection
	GlobalSection(NestedProjects) = preSolution
		{0C13D9C4-00BB-4A46-8F09-B5EBDAE26796} = {821F91E0-B1C9-4A3A-A353-5326833C54C2}
		{810BAF3A-53D5-43CA-B4CF-BD0723A58704} = {DEFF25D5-1DF1-45E7-94DB-3F05AFB22B65}
		{98D5F705-DF24-4CCE-BD95-7149CE6FF1C4} = {DEFF25D5-1DF1-45E7-94DB-3F05AFB22B65}
	EndGlobalSection
	GlobalSection(ExtensibilityGlobals) = postSolution
		SolutionGuid = {C45B9733-55CC-41A2-8195-A6C197D728ED}
	EndGlobalSection
EndGlobal
