
Microsoft Visual Studio Solution File, Format Version 12.00
# Visual Studio Version 16
VisualStudioVersion = 16.0.28917.181
MinimumVisualStudioVersion = 10.0.40219.1
Project("{2150E333-8FDC-42A3-9474-1A3956D46DE8}") = "Api", "Api", "{821F91E0-B1C9-4A3A-A353-5326833C54C2}"
EndProject
Project("{2150E333-8FDC-42A3-9474-1A3956D46DE8}") = "Test", "Test", "{C0D8572E-E6DE-4942-9FEB-167ED875A50C}"
EndProject
Project("{2150E333-8FDC-42A3-9474-1A3956D46DE8}") = "Solution Items", "Solution Items", "{C127DA5E-9935-486B-8FB4-3C36CE46C05D}"
	ProjectSection(SolutionItems) = preProject
		global.json = global.json
	EndProjectSection
EndProject
Project("{FAE04EC0-301F-11D3-BF4B-00C04F79EFBC}") = "CustomerManagement.Api.Web", "CustomerManagement.Api.Web\CustomerManagement.Api.Web.csproj", "{0C13D9C4-00BB-4A46-8F09-B5EBDAE26796}"
EndProject
Global
	GlobalSection(SolutionConfigurationPlatforms) = preSolution
		Debug|Any CPU = Debug|Any CPU
		Release|Any CPU = Release|Any CPU
	EndGlobalSection
	GlobalSection(ProjectConfigurationPlatforms) = postSolution
		{0C13D9C4-00BB-4A46-8F09-B5EBDAE26796}.Debug|Any CPU.ActiveCfg = Debug|Any CPU
		{0C13D9C4-00BB-4A46-8F09-B5EBDAE26796}.Debug|Any CPU.Build.0 = Debug|Any CPU
		{0C13D9C4-00BB-4A46-8F09-B5EBDAE26796}.Release|Any CPU.ActiveCfg = Release|Any CPU
		{0C13D9C4-00BB-4A46-8F09-B5EBDAE26796}.Release|Any CPU.Build.0 = Release|Any CPU
	EndGlobalSection
	GlobalSection(SolutionProperties) = preSolution
		HideSolutionNode = FALSE
	EndGlobalSection
	GlobalSection(NestedProjects) = preSolution
		{0C13D9C4-00BB-4A46-8F09-B5EBDAE26796} = {821F91E0-B1C9-4A3A-A353-5326833C54C2}
	EndGlobalSection
	GlobalSection(ExtensibilityGlobals) = postSolution
		SolutionGuid = {C45B9733-55CC-41A2-8195-A6C197D728ED}
	EndGlobalSection
EndGlobal
